
Microsoft Visual Studio Solution File, Format Version 12.00
# Visual Studio Version 16
VisualStudioVersion = 16.0.30804.86
MinimumVisualStudioVersion = 10.0.40219.1
Project("{FAE04EC0-301F-11D3-BF4B-00C04F79EFBC}") = "BlogCode", "BlogCode\BlogCode.csproj", "{55254DC8-43F7-4CD0-974C-A368F86C4AC5}"
EndProject
Project("{FAE04EC0-301F-11D3-BF4B-00C04F79EFBC}") = "BlogCodeTests", "BlogCodeTests\BlogCodeTests.csproj", "{074F8B24-8A39-4735-A4D3-96B965835F6D}"
EndProject
Global
	GlobalSection(SolutionConfigurationPlatforms) = preSolution
		Debug|Any CPU = Debug|Any CPU
		Release|Any CPU = Release|Any CPU
	EndGlobalSection
	GlobalSection(ProjectConfigurationPlatforms) = postSolution
		{55254DC8-43F7-4CD0-974C-A368F86C4AC5}.Debug|Any CPU.ActiveCfg = Debug|Any CPU
		{55254DC8-43F7-4CD0-974C-A368F86C4AC5}.Debug|Any CPU.Build.0 = Debug|Any CPU
		{55254DC8-43F7-4CD0-974C-A368F86C4AC5}.Release|Any CPU.ActiveCfg = Release|Any CPU
		{55254DC8-43F7-4CD0-974C-A368F86C4AC5}.Release|Any CPU.Build.0 = Release|Any CPU
		{074F8B24-8A39-4735-A4D3-96B965835F6D}.Debug|Any CPU.ActiveCfg = Debug|Any CPU
		{074F8B24-8A39-4735-A4D3-96B965835F6D}.Debug|Any CPU.Build.0 = Debug|Any CPU
		{074F8B24-8A39-4735-A4D3-96B965835F6D}.Release|Any CPU.ActiveCfg = Release|Any CPU
		{074F8B24-8A39-4735-A4D3-96B965835F6D}.Release|Any CPU.Build.0 = Release|Any CPU
	EndGlobalSection
	GlobalSection(SolutionProperties) = preSolution
		HideSolutionNode = FALSE
	EndGlobalSection
	GlobalSection(ExtensibilityGlobals) = postSolution
		SolutionGuid = {75C52B62-C186-4236-AE9C-BEDF7BDD1E09}
	EndGlobalSection
EndGlobal
